{
  "name": "t3",
  "version": "0.1.0",
  "lockfileVersion": 1,
  "dependencies": {
    "prettier": {
      "version": "1.4.2",
      "resolved": "https://registry.npmjs.org/prettier/-/prettier-1.4.2.tgz",
      "integrity": "sha512-iJ8HPTHA/Amt9FDLrSRBWG+IWZo6Z4MJ/2oxJP4Rz6UWQUr4rM3MWYeFi6tG4d9kYGuvbnnZ/KYCGdTQ8sPubw==",
      "dev": true
    }
  }
}
